
Microsoft Visual Studio Solution File, Format Version 12.00
# Visual Studio Version 17
VisualStudioVersion = 17.9.34728.123
MinimumVisualStudioVersion = 10.0.40219.1
Project("{9A19103F-16F7-4668-BE54-9A1E7A4F7556}") = "Ipz_server", "Ipz\Ipz_server.csproj", "{F4C5A4EC-54F9-4ED3-9900-187A5D46BF22}"
EndProject
Project("{9A19103F-16F7-4668-BE54-9A1E7A4F7556}") = "Ipz_client", "Ipz_client\Ipz_client.csproj", "{96D92707-D040-4E97-BDE0-E234A5C7281A}"
EndProject
Global
	GlobalSection(SolutionConfigurationPlatforms) = preSolution
		Debug|Any CPU = Debug|Any CPU
		Release|Any CPU = Release|Any CPU
	EndGlobalSection
	GlobalSection(ProjectConfigurationPlatforms) = postSolution
		{F4C5A4EC-54F9-4ED3-9900-187A5D46BF22}.Debug|Any CPU.ActiveCfg = Debug|Any CPU
		{F4C5A4EC-54F9-4ED3-9900-187A5D46BF22}.Debug|Any CPU.Build.0 = Debug|Any CPU
		{F4C5A4EC-54F9-4ED3-9900-187A5D46BF22}.Release|Any CPU.ActiveCfg = Release|Any CPU
		{F4C5A4EC-54F9-4ED3-9900-187A5D46BF22}.Release|Any CPU.Build.0 = Release|Any CPU
		{96D92707-D040-4E97-BDE0-E234A5C7281A}.Debug|Any CPU.ActiveCfg = Debug|Any CPU
		{96D92707-D040-4E97-BDE0-E234A5C7281A}.Debug|Any CPU.Build.0 = Debug|Any CPU
		{96D92707-D040-4E97-BDE0-E234A5C7281A}.Release|Any CPU.ActiveCfg = Release|Any CPU
		{96D92707-D040-4E97-BDE0-E234A5C7281A}.Release|Any CPU.Build.0 = Release|Any CPU
	EndGlobalSection
	GlobalSection(SolutionProperties) = preSolution
		HideSolutionNode = FALSE
	EndGlobalSection
	GlobalSection(ExtensibilityGlobals) = postSolution
		SolutionGuid = {9272A89D-8FCA-42ED-AD18-34F8230DCAAA}
	EndGlobalSection
EndGlobal
